
Microsoft Visual Studio Solution File, Format Version 12.00
# Visual Studio Version 17
VisualStudioVersion = 17.6.33815.320
MinimumVisualStudioVersion = 10.0.40219.1
Project("{2150E333-8FDC-42A3-9474-1A3956D46DE8}") = "Services", "Services", "{51211985-17E3-43B6-B382-7571EB9DE9F6}"
EndProject
Project("{2150E333-8FDC-42A3-9474-1A3956D46DE8}") = "WebApps", "WebApps", "{9323140B-29A6-49A6-8841-EE65ED1E82CF}"
EndProject
Project("{2150E333-8FDC-42A3-9474-1A3956D46DE8}") = "Cadastros", "Cadastros", "{3943165C-6DB1-4348-9F0B-6E6EAC6EEE86}"
EndProject
Project("{2150E333-8FDC-42A3-9474-1A3956D46DE8}") = "Catalogos", "Catalogos", "{4EE195A9-1D9D-4BAF-A906-789A70C19684}"
EndProject
Project("{2150E333-8FDC-42A3-9474-1A3956D46DE8}") = "Core", "Core", "{FD198387-40C2-4387-AD0A-110BE2798464}"
EndProject
Project("{2150E333-8FDC-42A3-9474-1A3956D46DE8}") = "Fiscal", "Fiscal", "{93492BE1-EC10-4683-89D2-9867C240043A}"
EndProject
Project("{2150E333-8FDC-42A3-9474-1A3956D46DE8}") = "Pagamentos", "Pagamentos", "{5997CFB9-338F-4ED9-8322-2CBD2B722D6B}"
EndProject
Project("{2150E333-8FDC-42A3-9474-1A3956D46DE8}") = "Vendas", "Vendas", "{CA99D52D-4D36-422C-AE23-17FCC42682B7}"
EndProject
Project("{FAE04EC0-301F-11D3-BF4B-00C04F79EFBC}") = "ModelagemDominioRiscocurso.Catalogo.Domain", "src\ModelagemDominioRiscocurso.Catalogo.Domain\ModelagemDominioRiscocurso.Catalogo.Domain.csproj", "{31AF8DC9-10C8-451B-BC36-26EC9B9BDC4C}"
EndProject
Project("{FAE04EC0-301F-11D3-BF4B-00C04F79EFBC}") = "ModelagemDominioRiscoCurso.Core", "src\ModelagemDominioRiscoCurso.Core\ModelagemDominioRiscoCurso.Core.csproj", "{C9B370B5-3C0E-4667-B662-7AEB41240E1F}"
EndProject
Global
	GlobalSection(SolutionConfigurationPlatforms) = preSolution
		Debug|Any CPU = Debug|Any CPU
		Release|Any CPU = Release|Any CPU
	EndGlobalSection
	GlobalSection(ProjectConfigurationPlatforms) = postSolution
		{31AF8DC9-10C8-451B-BC36-26EC9B9BDC4C}.Debug|Any CPU.ActiveCfg = Debug|Any CPU
		{31AF8DC9-10C8-451B-BC36-26EC9B9BDC4C}.Debug|Any CPU.Build.0 = Debug|Any CPU
		{31AF8DC9-10C8-451B-BC36-26EC9B9BDC4C}.Release|Any CPU.ActiveCfg = Release|Any CPU
		{31AF8DC9-10C8-451B-BC36-26EC9B9BDC4C}.Release|Any CPU.Build.0 = Release|Any CPU
		{C9B370B5-3C0E-4667-B662-7AEB41240E1F}.Debug|Any CPU.ActiveCfg = Debug|Any CPU
		{C9B370B5-3C0E-4667-B662-7AEB41240E1F}.Debug|Any CPU.Build.0 = Debug|Any CPU
		{C9B370B5-3C0E-4667-B662-7AEB41240E1F}.Release|Any CPU.ActiveCfg = Release|Any CPU
		{C9B370B5-3C0E-4667-B662-7AEB41240E1F}.Release|Any CPU.Build.0 = Release|Any CPU
	EndGlobalSection
	GlobalSection(SolutionProperties) = preSolution
		HideSolutionNode = FALSE
	EndGlobalSection
	GlobalSection(NestedProjects) = preSolution
		{3943165C-6DB1-4348-9F0B-6E6EAC6EEE86} = {51211985-17E3-43B6-B382-7571EB9DE9F6}
		{4EE195A9-1D9D-4BAF-A906-789A70C19684} = {51211985-17E3-43B6-B382-7571EB9DE9F6}
		{FD198387-40C2-4387-AD0A-110BE2798464} = {51211985-17E3-43B6-B382-7571EB9DE9F6}
		{93492BE1-EC10-4683-89D2-9867C240043A} = {51211985-17E3-43B6-B382-7571EB9DE9F6}
		{5997CFB9-338F-4ED9-8322-2CBD2B722D6B} = {51211985-17E3-43B6-B382-7571EB9DE9F6}
		{CA99D52D-4D36-422C-AE23-17FCC42682B7} = {51211985-17E3-43B6-B382-7571EB9DE9F6}
		{31AF8DC9-10C8-451B-BC36-26EC9B9BDC4C} = {4EE195A9-1D9D-4BAF-A906-789A70C19684}
		{C9B370B5-3C0E-4667-B662-7AEB41240E1F} = {FD198387-40C2-4387-AD0A-110BE2798464}
	EndGlobalSection
	GlobalSection(ExtensibilityGlobals) = postSolution
		SolutionGuid = {B7F45C62-A612-4AC5-B466-E608EE1FC7F6}
	EndGlobalSection
EndGlobal
