
Microsoft Visual Studio Solution File, Format Version 12.00
# Visual Studio Version 17
VisualStudioVersion = 17.6.33815.320
MinimumVisualStudioVersion = 10.0.40219.1
Project("{2150E333-8FDC-42A3-9474-1A3956D46DE8}") = "Services", "Services", "{51211985-17E3-43B6-B382-7571EB9DE9F6}"
EndProject
Project("{2150E333-8FDC-42A3-9474-1A3956D46DE8}") = "WebApps", "WebApps", "{9323140B-29A6-49A6-8841-EE65ED1E82CF}"
EndProject
Project("{2150E333-8FDC-42A3-9474-1A3956D46DE8}") = "Cadastros", "Cadastros", "{3943165C-6DB1-4348-9F0B-6E6EAC6EEE86}"
EndProject
Project("{2150E333-8FDC-42A3-9474-1A3956D46DE8}") = "Catalogos", "Catalogos", "{4EE195A9-1D9D-4BAF-A906-789A70C19684}"
EndProject
Project("{2150E333-8FDC-42A3-9474-1A3956D46DE8}") = "Core", "Core", "{FD198387-40C2-4387-AD0A-110BE2798464}"
EndProject
Project("{2150E333-8FDC-42A3-9474-1A3956D46DE8}") = "Fiscal", "Fiscal", "{93492BE1-EC10-4683-89D2-9867C240043A}"
EndProject
Project("{2150E333-8FDC-42A3-9474-1A3956D46DE8}") = "Pagamentos", "Pagamentos", "{5997CFB9-338F-4ED9-8322-2CBD2B722D6B}"
EndProject
Project("{2150E333-8FDC-42A3-9474-1A3956D46DE8}") = "Vendas", "Vendas", "{CA99D52D-4D36-422C-AE23-17FCC42682B7}"
EndProject
Project("{9A19103F-16F7-4668-BE54-9A1E7A4F7556}") = "ModelagemDominioRiscocurso.Catalogo.Domain", "src\ModelagemDominioRiscocurso.Catalogo.Domain\ModelagemDominioRiscocurso.Catalogo.Domain.csproj", "{31AF8DC9-10C8-451B-BC36-26EC9B9BDC4C}"
EndProject
Project("{9A19103F-16F7-4668-BE54-9A1E7A4F7556}") = "ModelagemDominioRiscoCurso.Core", "src\ModelagemDominioRiscoCurso.Core\ModelagemDominioRiscoCurso.Core.csproj", "{C9B370B5-3C0E-4667-B662-7AEB41240E1F}"
EndProject
Project("{2150E333-8FDC-42A3-9474-1A3956D46DE8}") = "Tests", "Tests", "{7C2988EC-3149-4F6E-AF5F-9E0BD6633CB4}"
EndProject
Project("{9A19103F-16F7-4668-BE54-9A1E7A4F7556}") = "ModelagemDeDominioRicos.Domain.Teste", "tests\ModelagemDeDominioRicos.Domain.Teste\ModelagemDeDominioRicos.Domain.Teste.csproj", "{BF2CB381-6282-4E51-8E56-A97079D6ADAC}"
EndProject
Project("{9A19103F-16F7-4668-BE54-9A1E7A4F7556}") = "ModelagemDominioRicos.Catalogo.Data", "src\ModelagemDominioRicos.Catalogo.Data\ModelagemDominioRicos.Catalogo.Data.csproj", "{2DB506EC-A07A-4578-8DDB-6930E2AC302F}"
EndProject
Project("{9A19103F-16F7-4668-BE54-9A1E7A4F7556}") = "CursoModelagemDominioRicos.Application", "src\CursoModelagemDominioRicos.Application\CursoModelagemDominioRicos.Application.csproj", "{EC284779-6A7C-46DC-AFF9-7B4F7A385D66}"
EndProject
Project("{FAE04EC0-301F-11D3-BF4B-00C04F79EFBC}") = "ModelagemDominioRicos.WepApp.MVC", "src\ModelagemDominioRicos.WepApp.MVC\ModelagemDominioRicos.WepApp.MVC.csproj", "{ABFBD255-9839-41C5-B0EE-7A7FB68AAA58}"
EndProject
Global
	GlobalSection(SolutionConfigurationPlatforms) = preSolution
		Debug|Any CPU = Debug|Any CPU
		Release|Any CPU = Release|Any CPU
	EndGlobalSection
	GlobalSection(ProjectConfigurationPlatforms) = postSolution
		{31AF8DC9-10C8-451B-BC36-26EC9B9BDC4C}.Debug|Any CPU.ActiveCfg = Debug|Any CPU
		{31AF8DC9-10C8-451B-BC36-26EC9B9BDC4C}.Debug|Any CPU.Build.0 = Debug|Any CPU
		{31AF8DC9-10C8-451B-BC36-26EC9B9BDC4C}.Release|Any CPU.ActiveCfg = Release|Any CPU
		{31AF8DC9-10C8-451B-BC36-26EC9B9BDC4C}.Release|Any CPU.Build.0 = Release|Any CPU
		{C9B370B5-3C0E-4667-B662-7AEB41240E1F}.Debug|Any CPU.ActiveCfg = Debug|Any CPU
		{C9B370B5-3C0E-4667-B662-7AEB41240E1F}.Debug|Any CPU.Build.0 = Debug|Any CPU
		{C9B370B5-3C0E-4667-B662-7AEB41240E1F}.Release|Any CPU.ActiveCfg = Release|Any CPU
		{C9B370B5-3C0E-4667-B662-7AEB41240E1F}.Release|Any CPU.Build.0 = Release|Any CPU
		{BF2CB381-6282-4E51-8E56-A97079D6ADAC}.Debug|Any CPU.ActiveCfg = Debug|Any CPU
		{BF2CB381-6282-4E51-8E56-A97079D6ADAC}.Debug|Any CPU.Build.0 = Debug|Any CPU
		{BF2CB381-6282-4E51-8E56-A97079D6ADAC}.Release|Any CPU.ActiveCfg = Release|Any CPU
		{BF2CB381-6282-4E51-8E56-A97079D6ADAC}.Release|Any CPU.Build.0 = Release|Any CPU
		{2DB506EC-A07A-4578-8DDB-6930E2AC302F}.Debug|Any CPU.ActiveCfg = Debug|Any CPU
		{2DB506EC-A07A-4578-8DDB-6930E2AC302F}.Debug|Any CPU.Build.0 = Debug|Any CPU
		{2DB506EC-A07A-4578-8DDB-6930E2AC302F}.Release|Any CPU.ActiveCfg = Release|Any CPU
		{2DB506EC-A07A-4578-8DDB-6930E2AC302F}.Release|Any CPU.Build.0 = Release|Any CPU
		{EC284779-6A7C-46DC-AFF9-7B4F7A385D66}.Debug|Any CPU.ActiveCfg = Debug|Any CPU
		{EC284779-6A7C-46DC-AFF9-7B4F7A385D66}.Debug|Any CPU.Build.0 = Debug|Any CPU
		{EC284779-6A7C-46DC-AFF9-7B4F7A385D66}.Release|Any CPU.ActiveCfg = Release|Any CPU
		{EC284779-6A7C-46DC-AFF9-7B4F7A385D66}.Release|Any CPU.Build.0 = Release|Any CPU
		{ABFBD255-9839-41C5-B0EE-7A7FB68AAA58}.Debug|Any CPU.ActiveCfg = Debug|Any CPU
		{ABFBD255-9839-41C5-B0EE-7A7FB68AAA58}.Debug|Any CPU.Build.0 = Debug|Any CPU
		{ABFBD255-9839-41C5-B0EE-7A7FB68AAA58}.Release|Any CPU.ActiveCfg = Release|Any CPU
		{ABFBD255-9839-41C5-B0EE-7A7FB68AAA58}.Release|Any CPU.Build.0 = Release|Any CPU
	EndGlobalSection
	GlobalSection(SolutionProperties) = preSolution
		HideSolutionNode = FALSE
	EndGlobalSection
	GlobalSection(NestedProjects) = preSolution
		{3943165C-6DB1-4348-9F0B-6E6EAC6EEE86} = {51211985-17E3-43B6-B382-7571EB9DE9F6}
		{4EE195A9-1D9D-4BAF-A906-789A70C19684} = {51211985-17E3-43B6-B382-7571EB9DE9F6}
		{FD198387-40C2-4387-AD0A-110BE2798464} = {51211985-17E3-43B6-B382-7571EB9DE9F6}
		{93492BE1-EC10-4683-89D2-9867C240043A} = {51211985-17E3-43B6-B382-7571EB9DE9F6}
		{5997CFB9-338F-4ED9-8322-2CBD2B722D6B} = {51211985-17E3-43B6-B382-7571EB9DE9F6}
		{CA99D52D-4D36-422C-AE23-17FCC42682B7} = {51211985-17E3-43B6-B382-7571EB9DE9F6}
		{31AF8DC9-10C8-451B-BC36-26EC9B9BDC4C} = {4EE195A9-1D9D-4BAF-A906-789A70C19684}
		{C9B370B5-3C0E-4667-B662-7AEB41240E1F} = {FD198387-40C2-4387-AD0A-110BE2798464}
		{7C2988EC-3149-4F6E-AF5F-9E0BD6633CB4} = {4EE195A9-1D9D-4BAF-A906-789A70C19684}
		{BF2CB381-6282-4E51-8E56-A97079D6ADAC} = {7C2988EC-3149-4F6E-AF5F-9E0BD6633CB4}
		{2DB506EC-A07A-4578-8DDB-6930E2AC302F} = {4EE195A9-1D9D-4BAF-A906-789A70C19684}
		{EC284779-6A7C-46DC-AFF9-7B4F7A385D66} = {4EE195A9-1D9D-4BAF-A906-789A70C19684}
		{ABFBD255-9839-41C5-B0EE-7A7FB68AAA58} = {9323140B-29A6-49A6-8841-EE65ED1E82CF}
	EndGlobalSection
	GlobalSection(ExtensibilityGlobals) = postSolution
		SolutionGuid = {B7F45C62-A612-4AC5-B466-E608EE1FC7F6}
	EndGlobalSection
EndGlobal
